
Microsoft Visual Studio Solution File, Format Version 12.00
# Visual Studio Version 16
VisualStudioVersion = 16.0.29728.190
MinimumVisualStudioVersion = 10.0.40219.1
Project("{FAE04EC0-301F-11D3-BF4B-00C04F79EFBC}") = "Cars", "Cars\Cars.csproj", "{9837CFCB-FDDD-4A14-A3B4-4DD1AC3289E6}"
EndProject
Project("{FAE04EC0-301F-11D3-BF4B-00C04F79EFBC}") = "TestingCars", "TestingCars\TestingCars.csproj", "{824FDEF0-A4CB-44ED-8783-E417BC66823D}"
EndProject
Global
	GlobalSection(SolutionConfigurationPlatforms) = preSolution
		Debug|Any CPU = Debug|Any CPU
		Release|Any CPU = Release|Any CPU
	EndGlobalSection
	GlobalSection(ProjectConfigurationPlatforms) = postSolution
		{9837CFCB-FDDD-4A14-A3B4-4DD1AC3289E6}.Debug|Any CPU.ActiveCfg = Debug|Any CPU
		{9837CFCB-FDDD-4A14-A3B4-4DD1AC3289E6}.Debug|Any CPU.Build.0 = Debug|Any CPU
		{9837CFCB-FDDD-4A14-A3B4-4DD1AC3289E6}.Release|Any CPU.ActiveCfg = Release|Any CPU
		{9837CFCB-FDDD-4A14-A3B4-4DD1AC3289E6}.Release|Any CPU.Build.0 = Release|Any CPU
		{824FDEF0-A4CB-44ED-8783-E417BC66823D}.Debug|Any CPU.ActiveCfg = Debug|Any CPU
		{824FDEF0-A4CB-44ED-8783-E417BC66823D}.Debug|Any CPU.Build.0 = Debug|Any CPU
		{824FDEF0-A4CB-44ED-8783-E417BC66823D}.Release|Any CPU.ActiveCfg = Release|Any CPU
		{824FDEF0-A4CB-44ED-8783-E417BC66823D}.Release|Any CPU.Build.0 = Release|Any CPU
	EndGlobalSection
	GlobalSection(SolutionProperties) = preSolution
		HideSolutionNode = FALSE
	EndGlobalSection
	GlobalSection(ExtensibilityGlobals) = postSolution
		SolutionGuid = {D4114F6D-E4D8-416F-9A71-7A6274DEF590}
	EndGlobalSection
EndGlobal
